
Microsoft Visual Studio Solution File, Format Version 12.00
# Visual Studio Version 16
VisualStudioVersion = 16.0.31402.337
MinimumVisualStudioVersion = 10.0.40219.1
Project("{9A19103F-16F7-4668-BE54-9A1E7A4F7556}") = "ZkSyncTool", "ZkSyncTool.csproj", "{56905868-6630-42B8-AD86-DA1BD46E4D6F}"
EndProject
Global
	GlobalSection(SolutionConfigurationPlatforms) = preSolution
		Debug|Any CPU = Debug|Any CPU
		Release|Any CPU = Release|Any CPU
	EndGlobalSection
	GlobalSection(ProjectConfigurationPlatforms) = postSolution
		{56905868-6630-42B8-AD86-DA1BD46E4D6F}.Debug|Any CPU.ActiveCfg = Debug|Any CPU
		{56905868-6630-42B8-AD86-DA1BD46E4D6F}.Debug|Any CPU.Build.0 = Debug|Any CPU
		{56905868-6630-42B8-AD86-DA1BD46E4D6F}.Release|Any CPU.ActiveCfg = Release|Any CPU
		{56905868-6630-42B8-AD86-DA1BD46E4D6F}.Release|Any CPU.Build.0 = Release|Any CPU
	EndGlobalSection
	GlobalSection(SolutionProperties) = preSolution
		HideSolutionNode = FALSE
	EndGlobalSection
	GlobalSection(ExtensibilityGlobals) = postSolution
		SolutionGuid = {1B1948DE-C20A-45B6-B8D9-B89CD3A24941}
	EndGlobalSection
EndGlobal
